
Microsoft Visual Studio Solution File, Format Version 12.00
# Visual Studio Version 16
VisualStudioVersion = 16.0.30104.148
MinimumVisualStudioVersion = 10.0.40219.1
Project("{FAE04EC0-301F-11D3-BF4B-00C04F79EFBC}") = "NuTrello", "NuTrello\NuTrello.csproj", "{A7E7948F-942B-42FC-ADE9-392D56A3E191}"
EndProject
Global
	GlobalSection(SolutionConfigurationPlatforms) = preSolution
		Debug|Any CPU = Debug|Any CPU
		Release|Any CPU = Release|Any CPU
	EndGlobalSection
	GlobalSection(ProjectConfigurationPlatforms) = postSolution
		{A7E7948F-942B-42FC-ADE9-392D56A3E191}.Debug|Any CPU.ActiveCfg = Debug|Any CPU
		{A7E7948F-942B-42FC-ADE9-392D56A3E191}.Debug|Any CPU.Build.0 = Debug|Any CPU
		{A7E7948F-942B-42FC-ADE9-392D56A3E191}.Release|Any CPU.ActiveCfg = Release|Any CPU
		{A7E7948F-942B-42FC-ADE9-392D56A3E191}.Release|Any CPU.Build.0 = Release|Any CPU
	EndGlobalSection
	GlobalSection(SolutionProperties) = preSolution
		HideSolutionNode = FALSE
	EndGlobalSection
	GlobalSection(ExtensibilityGlobals) = postSolution
		SolutionGuid = {72CEA6FB-6D26-43A2-867B-0D4525DAD95B}
	EndGlobalSection
EndGlobal
